
Microsoft Visual Studio Solution File, Format Version 12.00
# Visual Studio 14
VisualStudioVersion = 14.0.25420.1
MinimumVisualStudioVersion = 10.0.40219.1
Project("{FAE04EC0-301F-11D3-BF4B-00C04F79EFBC}") = "BE", "BE\BE.csproj", "{3E387331-272E-46AF-8A0C-C29F5848B833}"
EndProject
Project("{FAE04EC0-301F-11D3-BF4B-00C04F79EFBC}") = "DAL", "DAL\DAL.csproj", "{CAE6371D-968B-4FD8-BFBA-F54A90BB1538}"
EndProject
Project("{FAE04EC0-301F-11D3-BF4B-00C04F79EFBC}") = "DS", "DS\DS.csproj", "{A37C5DCD-BE52-4FEC-AD75-FF82268B0AE3}"
EndProject
Project("{FAE04EC0-301F-11D3-BF4B-00C04F79EFBC}") = "BL", "BL\BL.csproj", "{8D772E95-6C8B-4395-9555-1F224399F2BC}"
EndProject
Project("{FAE04EC0-301F-11D3-BF4B-00C04F79EFBC}") = "PL", "PL\PL.csproj", "{F6EAEC30-71F0-43BE-A79C-96D735F561DB}"
EndProject
Project("{FAE04EC0-301F-11D3-BF4B-00C04F79EFBC}") = "PLWPF", "PLWPF\PLWPF.csproj", "{E7A9E000-D13D-4559-8F2D-96DB42B38D55}"
EndProject
Global
	GlobalSection(SolutionConfigurationPlatforms) = preSolution
		Debug|Any CPU = Debug|Any CPU
		Release|Any CPU = Release|Any CPU
	EndGlobalSection
	GlobalSection(ProjectConfigurationPlatforms) = postSolution
		{3E387331-272E-46AF-8A0C-C29F5848B833}.Debug|Any CPU.ActiveCfg = Debug|Any CPU
		{3E387331-272E-46AF-8A0C-C29F5848B833}.Debug|Any CPU.Build.0 = Debug|Any CPU
		{3E387331-272E-46AF-8A0C-C29F5848B833}.Release|Any CPU.ActiveCfg = Release|Any CPU
		{3E387331-272E-46AF-8A0C-C29F5848B833}.Release|Any CPU.Build.0 = Release|Any CPU
		{CAE6371D-968B-4FD8-BFBA-F54A90BB1538}.Debug|Any CPU.ActiveCfg = Debug|Any CPU
		{CAE6371D-968B-4FD8-BFBA-F54A90BB1538}.Debug|Any CPU.Build.0 = Debug|Any CPU
		{CAE6371D-968B-4FD8-BFBA-F54A90BB1538}.Release|Any CPU.ActiveCfg = Release|Any CPU
		{CAE6371D-968B-4FD8-BFBA-F54A90BB1538}.Release|Any CPU.Build.0 = Release|Any CPU
		{A37C5DCD-BE52-4FEC-AD75-FF82268B0AE3}.Debug|Any CPU.ActiveCfg = Debug|Any CPU
		{A37C5DCD-BE52-4FEC-AD75-FF82268B0AE3}.Debug|Any CPU.Build.0 = Debug|Any CPU
		{A37C5DCD-BE52-4FEC-AD75-FF82268B0AE3}.Release|Any CPU.ActiveCfg = Release|Any CPU
		{A37C5DCD-BE52-4FEC-AD75-FF82268B0AE3}.Release|Any CPU.Build.0 = Release|Any CPU
		{8D772E95-6C8B-4395-9555-1F224399F2BC}.Debug|Any CPU.ActiveCfg = Debug|Any CPU
		{8D772E95-6C8B-4395-9555-1F224399F2BC}.Debug|Any CPU.Build.0 = Debug|Any CPU
		{8D772E95-6C8B-4395-9555-1F224399F2BC}.Release|Any CPU.ActiveCfg = Release|Any CPU
		{8D772E95-6C8B-4395-9555-1F224399F2BC}.Release|Any CPU.Build.0 = Release|Any CPU
		{F6EAEC30-71F0-43BE-A79C-96D735F561DB}.Debug|Any CPU.ActiveCfg = Debug|Any CPU
		{F6EAEC30-71F0-43BE-A79C-96D735F561DB}.Debug|Any CPU.Build.0 = Debug|Any CPU
		{F6EAEC30-71F0-43BE-A79C-96D735F561DB}.Release|Any CPU.ActiveCfg = Release|Any CPU
		{F6EAEC30-71F0-43BE-A79C-96D735F561DB}.Release|Any CPU.Build.0 = Release|Any CPU
		{E7A9E000-D13D-4559-8F2D-96DB42B38D55}.Debug|Any CPU.ActiveCfg = Debug|Any CPU
		{E7A9E000-D13D-4559-8F2D-96DB42B38D55}.Debug|Any CPU.Build.0 = Debug|Any CPU
		{E7A9E000-D13D-4559-8F2D-96DB42B38D55}.Release|Any CPU.ActiveCfg = Release|Any CPU
		{E7A9E000-D13D-4559-8F2D-96DB42B38D55}.Release|Any CPU.Build.0 = Release|Any CPU
	EndGlobalSection
	GlobalSection(SolutionProperties) = preSolution
		HideSolutionNode = FALSE
	EndGlobalSection
EndGlobal
